
Microsoft Visual Studio Solution File, Format Version 12.00
# Visual Studio Version 17
VisualStudioVersion = 17.4.33403.182
MinimumVisualStudioVersion = 10.0.40219.1
Project("{9A19103F-16F7-4668-BE54-9A1E7A4F7556}") = "byteforzaFinalProject", "byteforzaFinalProject\byteforzaFinalProject.csproj", "{29E77640-39FB-4D05-B18E-55B13AC6FE0D}"
EndProject
Global
	GlobalSection(SolutionConfigurationPlatforms) = preSolution
		Debug|Any CPU = Debug|Any CPU
		Release|Any CPU = Release|Any CPU
	EndGlobalSection
	GlobalSection(ProjectConfigurationPlatforms) = postSolution
		{29E77640-39FB-4D05-B18E-55B13AC6FE0D}.Debug|Any CPU.ActiveCfg = Debug|Any CPU
		{29E77640-39FB-4D05-B18E-55B13AC6FE0D}.Debug|Any CPU.Build.0 = Debug|Any CPU
		{29E77640-39FB-4D05-B18E-55B13AC6FE0D}.Release|Any CPU.ActiveCfg = Release|Any CPU
		{29E77640-39FB-4D05-B18E-55B13AC6FE0D}.Release|Any CPU.Build.0 = Release|Any CPU
	EndGlobalSection
	GlobalSection(SolutionProperties) = preSolution
		HideSolutionNode = FALSE
	EndGlobalSection
	GlobalSection(ExtensibilityGlobals) = postSolution
		SolutionGuid = {13586B7B-5E6C-4A0E-80FD-207068ED757B}
	EndGlobalSection
EndGlobal
